
Microsoft Visual Studio Solution File, Format Version 12.00
# Visual Studio Version 17
VisualStudioVersion = 17.5.33627.172
MinimumVisualStudioVersion = 10.0.40219.1
Project("{9A19103F-16F7-4668-BE54-9A1E7A4F7556}") = "IfcConverter.Client", "VueReader.Client\IfcConverter.Client.csproj", "{F986555F-31F1-4B67-BEB8-AD0D946C7CC9}"
EndProject
Project("{9A19103F-16F7-4668-BE54-9A1E7A4F7556}") = "IfcConverter.Domain", "VueReader.Domain\IfcConverter.Domain.csproj", "{73B34795-0A61-47CA-9DAE-FD151CC01676}"
EndProject
Project("{FAE04EC0-301F-11D3-BF4B-00C04F79EFBC}") = "Controls", "Controls\Controls.csproj", "{52835845-6E48-43F3-9DE3-5FB02F22B127}"
EndProject
Global
	GlobalSection(SolutionConfigurationPlatforms) = preSolution
		Debug|Any CPU = Debug|Any CPU
		Release|Any CPU = Release|Any CPU
	EndGlobalSection
	GlobalSection(ProjectConfigurationPlatforms) = postSolution
		{F986555F-31F1-4B67-BEB8-AD0D946C7CC9}.Debug|Any CPU.ActiveCfg = Debug|Any CPU
		{F986555F-31F1-4B67-BEB8-AD0D946C7CC9}.Debug|Any CPU.Build.0 = Debug|Any CPU
		{F986555F-31F1-4B67-BEB8-AD0D946C7CC9}.Release|Any CPU.ActiveCfg = Release|Any CPU
		{F986555F-31F1-4B67-BEB8-AD0D946C7CC9}.Release|Any CPU.Build.0 = Release|Any CPU
		{73B34795-0A61-47CA-9DAE-FD151CC01676}.Debug|Any CPU.ActiveCfg = Debug|Any CPU
		{73B34795-0A61-47CA-9DAE-FD151CC01676}.Debug|Any CPU.Build.0 = Debug|Any CPU
		{73B34795-0A61-47CA-9DAE-FD151CC01676}.Release|Any CPU.ActiveCfg = Release|Any CPU
		{73B34795-0A61-47CA-9DAE-FD151CC01676}.Release|Any CPU.Build.0 = Release|Any CPU
		{52835845-6E48-43F3-9DE3-5FB02F22B127}.Debug|Any CPU.ActiveCfg = Debug|Any CPU
		{52835845-6E48-43F3-9DE3-5FB02F22B127}.Debug|Any CPU.Build.0 = Debug|Any CPU
		{52835845-6E48-43F3-9DE3-5FB02F22B127}.Release|Any CPU.ActiveCfg = Release|Any CPU
		{52835845-6E48-43F3-9DE3-5FB02F22B127}.Release|Any CPU.Build.0 = Release|Any CPU
	EndGlobalSection
	GlobalSection(SolutionProperties) = preSolution
		HideSolutionNode = FALSE
	EndGlobalSection
	GlobalSection(ExtensibilityGlobals) = postSolution
		SolutionGuid = {670DBC3D-F337-4180-9151-5A6C37DC7763}
	EndGlobalSection
EndGlobal
